
Microsoft Visual Studio Solution File, Format Version 12.00
# Visual Studio Version 16
VisualStudioVersion = 16.0.31702.278
MinimumVisualStudioVersion = 10.0.40219.1
Project("{FAE04EC0-301F-11D3-BF4B-00C04F79EFBC}") = "WpfApp2", "WpfApp2.csproj", "{C3A2852F-2EB7-4EDA-B9B5-3B437116748D}"
EndProject
Global
	GlobalSection(SolutionConfigurationPlatforms) = preSolution
		Debug|Any CPU = Debug|Any CPU
		Release|Any CPU = Release|Any CPU
	EndGlobalSection
	GlobalSection(ProjectConfigurationPlatforms) = postSolution
		{C3A2852F-2EB7-4EDA-B9B5-3B437116748D}.Debug|Any CPU.ActiveCfg = Debug|Any CPU
		{C3A2852F-2EB7-4EDA-B9B5-3B437116748D}.Debug|Any CPU.Build.0 = Debug|Any CPU
		{C3A2852F-2EB7-4EDA-B9B5-3B437116748D}.Release|Any CPU.ActiveCfg = Release|Any CPU
		{C3A2852F-2EB7-4EDA-B9B5-3B437116748D}.Release|Any CPU.Build.0 = Release|Any CPU
	EndGlobalSection
	GlobalSection(SolutionProperties) = preSolution
		HideSolutionNode = FALSE
	EndGlobalSection
	GlobalSection(ExtensibilityGlobals) = postSolution
		SolutionGuid = {7F05CF8D-284F-4D3A-BDB4-88E0FCFFC00C}
	EndGlobalSection
EndGlobal
